
Microsoft Visual Studio Solution File, Format Version 12.00
# Visual Studio 15
VisualStudioVersion = 15.0.27703.2035
MinimumVisualStudioVersion = 10.0.40219.1
Project("{FAE04EC0-301F-11D3-BF4B-00C04F79EFBC}") = "EventStore", "EventStore\EventStore.csproj", "{40560268-5D29-4042-B731-141054530B99}"
EndProject
Global
	GlobalSection(SolutionConfigurationPlatforms) = preSolution
		Debug|Any CPU = Debug|Any CPU
		Release|Any CPU = Release|Any CPU
	EndGlobalSection
	GlobalSection(ProjectConfigurationPlatforms) = postSolution
		{40560268-5D29-4042-B731-141054530B99}.Debug|Any CPU.ActiveCfg = Debug|Any CPU
		{40560268-5D29-4042-B731-141054530B99}.Debug|Any CPU.Build.0 = Debug|Any CPU
		{40560268-5D29-4042-B731-141054530B99}.Release|Any CPU.ActiveCfg = Release|Any CPU
		{40560268-5D29-4042-B731-141054530B99}.Release|Any CPU.Build.0 = Release|Any CPU
	EndGlobalSection
	GlobalSection(SolutionProperties) = preSolution
		HideSolutionNode = FALSE
	EndGlobalSection
	GlobalSection(ExtensibilityGlobals) = postSolution
		SolutionGuid = {81AE7134-9B64-44E9-B2DE-83FE5DAA3215}
	EndGlobalSection
EndGlobal
